<Solution>
  <Folder Name="/Modules/" />
  <Folder Name="/Modules/AiAgent/">
    <Project Path="src/Modules/AiAgent/SopaTalk.AiAgent.Api/SopaTalk.AiAgent.Api.csproj" />
    <Project Path="src/Modules/AiAgent/SopaTalk.AiAgent.Application/SopaTalk.AiAgent.Application.csproj" />
    <Project Path="src/Modules/AiAgent/SopaTalk.AiAgent.Domain/SopaTalk.AiAgent.Domain.csproj" />
    <Project Path="src/Modules/AiAgent/SopaTalk.AiAgent.Infrastructure/SopaTalk.AiAgent.Infrastructure.csproj" />
  </Folder>
  <Folder Name="/Modules/Channels/">
    <Project Path="src/Modules/Channels/SopaTalk.Channels.Api/SopaTalk.Channels.Api.csproj" />
    <Project Path="src/Modules/Channels/SopaTalk.Channels.Application/SopaTalk.Channels.Application.csproj" />
    <Project Path="src/Modules/Channels/SopaTalk.Channels.Domain/SopaTalk.Channels.Domain.csproj" />
    <Project Path="src/Modules/Channels/SopaTalk.Channels.Infrastructure/SopaTalk.Channels.Infrastructure.csproj" />
  </Folder>
  <Folder Name="/Modules/Chatbot/">
    <Project Path="src/Modules/Chatbot/SopaTalk.Chatbot.Api/SopaTalk.Chatbot.Api.csproj" />
    <Project Path="src/Modules/Chatbot/SopaTalk.Chatbot.Application/SopaTalk.Chatbot.Application.csproj" />
    <Project Path="src/Modules/Chatbot/SopaTalk.Chatbot.Domain/SopaTalk.Chatbot.Domain.csproj" />
    <Project Path="src/Modules/Chatbot/SopaTalk.Chatbot.Infrastructure/SopaTalk.Chatbot.Infrastructure.csproj" />
  </Folder>
  <Folder Name="/Modules/Crm/">
    <Project Path="src/Modules/Crm/SopaTalk.Crm.Api/SopaTalk.Crm.Api.csproj" />
    <Project Path="src/Modules/Crm/SopaTalk.Crm.Application/SopaTalk.Crm.Application.csproj" />
    <Project Path="src/Modules/Crm/SopaTalk.Crm.Domain/SopaTalk.Crm.Domain.csproj" />
    <Project Path="src/Modules/Crm/SopaTalk.Crm.Infrastructure/SopaTalk.Crm.Infrastructure.csproj" />
  </Folder>
  <Folder Name="/Modules/Inbox/">
    <Project Path="src/Modules/Inbox/SopaTalk.Inbox.Api/SopaTalk.Inbox.Api.csproj" />
    <Project Path="src/Modules/Inbox/SopaTalk.Inbox.Application/SopaTalk.Inbox.Application.csproj" />
    <Project Path="src/Modules/Inbox/SopaTalk.Inbox.Domain/SopaTalk.Inbox.Domain.csproj" />
    <Project Path="src/Modules/Inbox/SopaTalk.Inbox.Infrastructure/SopaTalk.Inbox.Infrastructure.csproj" />
  </Folder>
  <Folder Name="/src/">
    <Project Path="src/SopaTalk.Api/SopaTalk.Api.csproj" />
    <Project Path="src/SopaTalk.Workers/SopaTalk.Workers.csproj" />
  </Folder>
  <Folder Name="/tests/">
    <Project Path="tests/SopaTalk.ArchitectureTests/SopaTalk.ArchitectureTests.csproj" />
    <Project Path="tests/SopaTalk.Inbox.UnitTests/SopaTalk.Inbox.UnitTests.csproj" />
  </Folder>
  <Project Path="src/SopaTalk.SharedKernel/SopaTalk.SharedKernel.csproj" />
</Solution>
